// !$*UTF8*$!
{
	archiveVersion = 1;
	classes = {
	};
	objectVersion = 60;
	objects = {

/* Begin PBXBuildFile section */
		A00000000000000000000001 /* AppDelegate.swift in Sources */ = {isa = PBXBuildFile; fileRef = F00000000000000000000001 /* AppDelegate.swift */; };
		A00000000000000000000002 /* RateLimitModels.swift in Sources */ = {isa = PBXBuildFile; fileRef = F00000000000000000000002 /* RateLimitModels.swift */; };
		A00000000000000000000003 /* WeeklyQuota.swift in Sources */ = {isa = PBXBuildFile; fileRef = F00000000000000000000003 /* WeeklyQuota.swift */; };
		A00000000000000000000004 /* AppServerClient.swift in Sources */ = {isa = PBXBuildFile; fileRef = F00000000000000000000004 /* AppServerClient.swift */; };
		A00000000000000000000005 /* CodexLocator.swift in Sources */ = {isa = PBXBuildFile; fileRef = F00000000000000000000005 /* CodexLocator.swift */; };
		A00000000000000000000006 /* CodexUsageService.swift in Sources */ = {isa = PBXBuildFile; fileRef = F00000000000000000000006 /* CodexUsageService.swift */; };
		A00000000000000000000007 /* LoginItemManager.swift in Sources */ = {isa = PBXBuildFile; fileRef = F00000000000000000000007 /* LoginItemManager.swift */; };
		A00000000000000000000008 /* SingleInstanceGuard.swift in Sources */ = {isa = PBXBuildFile; fileRef = F00000000000000000000008 /* SingleInstanceGuard.swift */; };
		A00000000000000000000009 /* UsageCache.swift in Sources */ = {isa = PBXBuildFile; fileRef = F00000000000000000000009 /* UsageCache.swift */; };
		A0000000000000000000000A /* RelativeTimeFormatter.swift in Sources */ = {isa = PBXBuildFile; fileRef = F0000000000000000000000A /* RelativeTimeFormatter.swift */; };
		A0000000000000000000000B /* StatusIndicatorView.swift in Sources */ = {isa = PBXBuildFile; fileRef = F0000000000000000000000B /* StatusIndicatorView.swift */; };
		A0000000000000000000000C /* StatusMenuController.swift in Sources */ = {isa = PBXBuildFile; fileRef = F0000000000000000000000C /* StatusMenuController.swift */; };
		A0000000000000000000000D /* RefreshCoordinator.swift in Sources */ = {isa = PBXBuildFile; fileRef = F0000000000000000000000D /* RefreshCoordinator.swift */; };
		A0000000000000000000000E /* Assets.xcassets in Resources */ = {isa = PBXBuildFile; fileRef = F0000000000000000000000F /* Assets.xcassets */; };
		A00000000000000000000016 /* AppLocalization.swift in Sources */ = {isa = PBXBuildFile; fileRef = F00000000000000000000016 /* AppLocalization.swift */; };
		A00000000000000000000017 /* Localizable.strings in Resources */ = {isa = PBXBuildFile; fileRef = V00000000000000000000001 /* Localizable.strings */; };
		A00000000000000000000011 /* WeeklyQuotaParserTests.swift in Sources */ = {isa = PBXBuildFile; fileRef = F00000000000000000000011 /* WeeklyQuotaParserTests.swift */; };
		A00000000000000000000012 /* RelativeTimeFormatterTests.swift in Sources */ = {isa = PBXBuildFile; fileRef = F00000000000000000000012 /* RelativeTimeFormatterTests.swift */; };
		A00000000000000000000013 /* WeeklyQuotaCacheTests.swift in Sources */ = {isa = PBXBuildFile; fileRef = F00000000000000000000013 /* WeeklyQuotaCacheTests.swift */; };
		A00000000000000000000014 /* AppServerClientTests.swift in Sources */ = {isa = PBXBuildFile; fileRef = F00000000000000000000014 /* AppServerClientTests.swift */; };
		A00000000000000000000015 /* InfrastructureTests.swift in Sources */ = {isa = PBXBuildFile; fileRef = F00000000000000000000015 /* InfrastructureTests.swift */; };
/* End PBXBuildFile section */

/* Begin PBXContainerItemProxy section */
		D00000000000000000000001 /* PBXContainerItemProxy */ = {
			isa = PBXContainerItemProxy;
			containerPortal = P00000000000000000000001 /* Project object */;
			proxyType = 1;
			remoteGlobalIDString = T00000000000000000000001;
			remoteInfo = codexCycle;
		};
/* End PBXContainerItemProxy section */

/* Begin PBXFileReference section */
		F00000000000000000000001 /* AppDelegate.swift */ = {isa = PBXFileReference; lastKnownFileType = sourcecode.swift; path = AppDelegate.swift; sourceTree = "<group>"; };
		F00000000000000000000002 /* RateLimitModels.swift */ = {isa = PBXFileReference; lastKnownFileType = sourcecode.swift; path = RateLimitModels.swift; sourceTree = "<group>"; };
		F00000000000000000000003 /* WeeklyQuota.swift */ = {isa = PBXFileReference; lastKnownFileType = sourcecode.swift; path = WeeklyQuota.swift; sourceTree = "<group>"; };
		F00000000000000000000004 /* AppServerClient.swift */ = {isa = PBXFileReference; lastKnownFileType = sourcecode.swift; path = AppServerClient.swift; sourceTree = "<group>"; };
		F00000000000000000000005 /* CodexLocator.swift */ = {isa = PBXFileReference; lastKnownFileType = sourcecode.swift; path = CodexLocator.swift; sourceTree = "<group>"; };
		F00000000000000000000006 /* CodexUsageService.swift */ = {isa = PBXFileReference; lastKnownFileType = sourcecode.swift; path = CodexUsageService.swift; sourceTree = "<group>"; };
		F00000000000000000000007 /* LoginItemManager.swift */ = {isa = PBXFileReference; lastKnownFileType = sourcecode.swift; path = LoginItemManager.swift; sourceTree = "<group>"; };
		F00000000000000000000008 /* SingleInstanceGuard.swift */ = {isa = PBXFileReference; lastKnownFileType = sourcecode.swift; path = SingleInstanceGuard.swift; sourceTree = "<group>"; };
		F00000000000000000000009 /* UsageCache.swift */ = {isa = PBXFileReference; lastKnownFileType = sourcecode.swift; path = UsageCache.swift; sourceTree = "<group>"; };
		F0000000000000000000000A /* RelativeTimeFormatter.swift */ = {isa = PBXFileReference; lastKnownFileType = sourcecode.swift; path = RelativeTimeFormatter.swift; sourceTree = "<group>"; };
		F0000000000000000000000B /* StatusIndicatorView.swift */ = {isa = PBXFileReference; lastKnownFileType = sourcecode.swift; path = StatusIndicatorView.swift; sourceTree = "<group>"; };
		F0000000000000000000000C /* StatusMenuController.swift */ = {isa = PBXFileReference; lastKnownFileType = sourcecode.swift; path = StatusMenuController.swift; sourceTree = "<group>"; };
		F0000000000000000000000D /* RefreshCoordinator.swift */ = {isa = PBXFileReference; lastKnownFileType = sourcecode.swift; path = RefreshCoordinator.swift; sourceTree = "<group>"; };
		F0000000000000000000000E /* Info.plist */ = {isa = PBXFileReference; lastKnownFileType = text.plist.xml; path = Info.plist; sourceTree = "<group>"; };
		F0000000000000000000000F /* Assets.xcassets */ = {isa = PBXFileReference; lastKnownFileType = folder.assetcatalog; path = Assets.xcassets; sourceTree = "<group>"; };
		F00000000000000000000016 /* AppLocalization.swift */ = {isa = PBXFileReference; lastKnownFileType = sourcecode.swift; path = AppLocalization.swift; sourceTree = "<group>"; };
		F00000000000000000000017 /* en */ = {isa = PBXFileReference; lastKnownFileType = text.plist.strings; name = en; path = en.lproj/Localizable.strings; sourceTree = "<group>"; };
		F00000000000000000000018 /* zh-Hans */ = {isa = PBXFileReference; lastKnownFileType = text.plist.strings; name = "zh-Hans"; path = "zh-Hans.lproj/Localizable.strings"; sourceTree = "<group>"; };
		F00000000000000000000011 /* WeeklyQuotaParserTests.swift */ = {isa = PBXFileReference; lastKnownFileType = sourcecode.swift; path = WeeklyQuotaParserTests.swift; sourceTree = "<group>"; };
		F00000000000000000000012 /* RelativeTimeFormatterTests.swift */ = {isa = PBXFileReference; lastKnownFileType = sourcecode.swift; path = RelativeTimeFormatterTests.swift; sourceTree = "<group>"; };
		F00000000000000000000013 /* WeeklyQuotaCacheTests.swift */ = {isa = PBXFileReference; lastKnownFileType = sourcecode.swift; path = WeeklyQuotaCacheTests.swift; sourceTree = "<group>"; };
		F00000000000000000000014 /* AppServerClientTests.swift */ = {isa = PBXFileReference; lastKnownFileType = sourcecode.swift; path = AppServerClientTests.swift; sourceTree = "<group>"; };
		F00000000000000000000015 /* InfrastructureTests.swift */ = {isa = PBXFileReference; lastKnownFileType = sourcecode.swift; path = InfrastructureTests.swift; sourceTree = "<group>"; };
		F00000000000000000000021 /* codexCycle.app */ = {isa = PBXFileReference; explicitFileType = wrapper.application; includeInIndex = 0; path = codexCycle.app; sourceTree = BUILT_PRODUCTS_DIR; };
		F00000000000000000000022 /* codexCycleTests.xctest */ = {isa = PBXFileReference; explicitFileType = wrapper.cfbundle; includeInIndex = 0; path = codexCycleTests.xctest; sourceTree = BUILT_PRODUCTS_DIR; };
/* End PBXFileReference section */

/* Begin PBXFrameworksBuildPhase section */
		B00000000000000000000001 /* Frameworks */ = {
			isa = PBXFrameworksBuildPhase;
			buildActionMask = 2147483647;
			files = (
			);
			runOnlyForDeploymentPostprocessing = 0;
		};
		B00000000000000000000002 /* Frameworks */ = {
			isa = PBXFrameworksBuildPhase;
			buildActionMask = 2147483647;
			files = (
			);
			runOnlyForDeploymentPostprocessing = 0;
		};
/* End PBXFrameworksBuildPhase section */

/* Begin PBXGroup section */
		G00000000000000000000001 = {
			isa = PBXGroup;
			children = (
				G00000000000000000000002 /* codexCycle */,
				G00000000000000000000007 /* codexCycleTests */,
				G00000000000000000000008 /* Products */,
			);
			sourceTree = "<group>";
		};
		G00000000000000000000002 /* codexCycle */ = {
			isa = PBXGroup;
			children = (
				F00000000000000000000001 /* AppDelegate.swift */,
				G00000000000000000000003 /* Domain */,
				G00000000000000000000004 /* Infrastructure */,
				G00000000000000000000005 /* Presentation */,
				G00000000000000000000006 /* Coordination */,
				V00000000000000000000001 /* Localizable.strings */,
				F0000000000000000000000F /* Assets.xcassets */,
				F0000000000000000000000E /* Info.plist */,
			);
			path = codexCycle;
			sourceTree = "<group>";
		};
		G00000000000000000000003 /* Domain */ = {
			isa = PBXGroup;
			children = (
				F00000000000000000000002 /* RateLimitModels.swift */,
				F00000000000000000000003 /* WeeklyQuota.swift */,
			);
			path = Domain;
			sourceTree = "<group>";
		};
		G00000000000000000000004 /* Infrastructure */ = {
			isa = PBXGroup;
			children = (
				F00000000000000000000004 /* AppServerClient.swift */,
				F00000000000000000000005 /* CodexLocator.swift */,
				F00000000000000000000006 /* CodexUsageService.swift */,
				F00000000000000000000007 /* LoginItemManager.swift */,
				F00000000000000000000008 /* SingleInstanceGuard.swift */,
				F00000000000000000000009 /* UsageCache.swift */,
			);
			path = Infrastructure;
			sourceTree = "<group>";
		};
		G00000000000000000000005 /* Presentation */ = {
			isa = PBXGroup;
			children = (
				F00000000000000000000016 /* AppLocalization.swift */,
				F0000000000000000000000A /* RelativeTimeFormatter.swift */,
				F0000000000000000000000B /* StatusIndicatorView.swift */,
				F0000000000000000000000C /* StatusMenuController.swift */,
			);
			path = Presentation;
			sourceTree = "<group>";
		};
		G00000000000000000000006 /* Coordination */ = {
			isa = PBXGroup;
			children = (
				F0000000000000000000000D /* RefreshCoordinator.swift */,
			);
			path = Coordination;
			sourceTree = "<group>";
		};
		G00000000000000000000007 /* codexCycleTests */ = {
			isa = PBXGroup;
			children = (
				F00000000000000000000011 /* WeeklyQuotaParserTests.swift */,
				F00000000000000000000012 /* RelativeTimeFormatterTests.swift */,
				F00000000000000000000013 /* WeeklyQuotaCacheTests.swift */,
				F00000000000000000000014 /* AppServerClientTests.swift */,
				F00000000000000000000015 /* InfrastructureTests.swift */,
			);
			path = codexCycleTests;
			sourceTree = "<group>";
		};
		G00000000000000000000008 /* Products */ = {
			isa = PBXGroup;
			children = (
				F00000000000000000000021 /* codexCycle.app */,
				F00000000000000000000022 /* codexCycleTests.xctest */,
			);
			name = Products;
			sourceTree = "<group>";
		};
/* End PBXGroup section */

/* Begin PBXNativeTarget section */
		T00000000000000000000001 /* codexCycle */ = {
			isa = PBXNativeTarget;
			buildConfigurationList = L00000000000000000000001 /* Build configuration list for PBXNativeTarget "codexCycle" */;
			buildPhases = (
				S00000000000000000000001 /* Sources */,
				B00000000000000000000001 /* Frameworks */,
				R00000000000000000000001 /* Resources */,
			);
			buildRules = (
			);
			dependencies = (
			);
			name = codexCycle;
			productName = codexCycle;
			productReference = F00000000000000000000021 /* codexCycle.app */;
			productType = "com.apple.product-type.application";
		};
		T00000000000000000000002 /* codexCycleTests */ = {
			isa = PBXNativeTarget;
			buildConfigurationList = L00000000000000000000002 /* Build configuration list for PBXNativeTarget "codexCycleTests" */;
			buildPhases = (
				S00000000000000000000002 /* Sources */,
				B00000000000000000000002 /* Frameworks */,
				R00000000000000000000002 /* Resources */,
			);
			buildRules = (
			);
			dependencies = (
				D00000000000000000000002 /* PBXTargetDependency */,
			);
			name = codexCycleTests;
			productName = codexCycleTests;
			productReference = F00000000000000000000022 /* codexCycleTests.xctest */;
			productType = "com.apple.product-type.bundle.unit-test";
		};
/* End PBXNativeTarget section */

/* Begin PBXProject section */
		P00000000000000000000001 /* Project object */ = {
			isa = PBXProject;
			attributes = {
				BuildIndependentTargetsInParallel = 1;
				LastSwiftUpdateCheck = 2630;
				LastUpgradeCheck = 2630;
				TargetAttributes = {
					T00000000000000000000001 = {
						CreatedOnToolsVersion = 26.3;
					};
					T00000000000000000000002 = {
						CreatedOnToolsVersion = 26.3;
						TestTargetID = T00000000000000000000001;
					};
				};
			};
			buildConfigurationList = L00000000000000000000003 /* Build configuration list for PBXProject "codexCycle" */;
			compatibilityVersion = "Xcode 15.0";
			developmentRegion = en;
			hasScannedForEncodings = 0;
			knownRegions = (
				Base,
				en,
				"zh-Hans",
			);
			mainGroup = G00000000000000000000001;
			productRefGroup = G00000000000000000000008 /* Products */;
			projectDirPath = "";
			projectRoot = "";
			targets = (
				T00000000000000000000001 /* codexCycle */,
				T00000000000000000000002 /* codexCycleTests */,
			);
		};
/* End PBXProject section */

/* Begin PBXResourcesBuildPhase section */
		R00000000000000000000001 /* Resources */ = {
			isa = PBXResourcesBuildPhase;
			buildActionMask = 2147483647;
			files = (
				A0000000000000000000000E /* Assets.xcassets in Resources */,
				A00000000000000000000017 /* Localizable.strings in Resources */,
			);
			runOnlyForDeploymentPostprocessing = 0;
		};
		R00000000000000000000002 /* Resources */ = {
			isa = PBXResourcesBuildPhase;
			buildActionMask = 2147483647;
			files = (
			);
			runOnlyForDeploymentPostprocessing = 0;
		};
/* End PBXResourcesBuildPhase section */

/* Begin PBXSourcesBuildPhase section */
		S00000000000000000000001 /* Sources */ = {
			isa = PBXSourcesBuildPhase;
			buildActionMask = 2147483647;
			files = (
				A00000000000000000000001 /* AppDelegate.swift in Sources */,
				A00000000000000000000016 /* AppLocalization.swift in Sources */,
				A00000000000000000000002 /* RateLimitModels.swift in Sources */,
				A00000000000000000000003 /* WeeklyQuota.swift in Sources */,
				A00000000000000000000004 /* AppServerClient.swift in Sources */,
				A00000000000000000000005 /* CodexLocator.swift in Sources */,
				A00000000000000000000006 /* CodexUsageService.swift in Sources */,
				A00000000000000000000007 /* LoginItemManager.swift in Sources */,
				A00000000000000000000008 /* SingleInstanceGuard.swift in Sources */,
				A00000000000000000000009 /* UsageCache.swift in Sources */,
				A0000000000000000000000A /* RelativeTimeFormatter.swift in Sources */,
				A0000000000000000000000B /* StatusIndicatorView.swift in Sources */,
				A0000000000000000000000C /* StatusMenuController.swift in Sources */,
				A0000000000000000000000D /* RefreshCoordinator.swift in Sources */,
			);
			runOnlyForDeploymentPostprocessing = 0;
		};
		S00000000000000000000002 /* Sources */ = {
			isa = PBXSourcesBuildPhase;
			buildActionMask = 2147483647;
			files = (
				A00000000000000000000011 /* WeeklyQuotaParserTests.swift in Sources */,
				A00000000000000000000012 /* RelativeTimeFormatterTests.swift in Sources */,
				A00000000000000000000013 /* WeeklyQuotaCacheTests.swift in Sources */,
				A00000000000000000000014 /* AppServerClientTests.swift in Sources */,
				A00000000000000000000015 /* InfrastructureTests.swift in Sources */,
			);
			runOnlyForDeploymentPostprocessing = 0;
		};
/* End PBXSourcesBuildPhase section */

/* Begin PBXTargetDependency section */
		D00000000000000000000002 /* PBXTargetDependency */ = {
			isa = PBXTargetDependency;
			target = T00000000000000000000001 /* codexCycle */;
			targetProxy = D00000000000000000000001 /* PBXContainerItemProxy */;
		};
/* End PBXTargetDependency section */

/* Begin PBXVariantGroup section */
		V00000000000000000000001 /* Localizable.strings */ = {
			isa = PBXVariantGroup;
			children = (
				F00000000000000000000017 /* en */,
				F00000000000000000000018 /* zh-Hans */,
			);
			name = Localizable.strings;
			sourceTree = "<group>";
		};
/* End PBXVariantGroup section */

/* Begin XCBuildConfiguration section */
		C00000000000000000000001 /* Debug */ = {
			isa = XCBuildConfiguration;
			buildSettings = {
				ASSETCATALOG_COMPILER_APPICON_NAME = AppIcon;
				CODE_SIGN_IDENTITY = "-";
				CODE_SIGN_STYLE = Manual;
				CURRENT_PROJECT_VERSION = 9;
				ENABLE_APP_SANDBOX = NO;
				GENERATE_INFOPLIST_FILE = NO;
				INFOPLIST_FILE = codexCycle/Info.plist;
				LD_RUNPATH_SEARCH_PATHS = (
					"$(inherited)",
					"@executable_path/../Frameworks",
				);
				MACOSX_DEPLOYMENT_TARGET = 13.0;
				MARKETING_VERSION = 0.9.0;
				PRODUCT_BUNDLE_IDENTIFIER = com.fxl.codexCycle;
				PRODUCT_NAME = "$(TARGET_NAME)";
				SDKROOT = macosx;
				SUPPORTED_PLATFORMS = macosx;
				SWIFT_EMIT_LOC_STRINGS = YES;
				SWIFT_VERSION = 5.0;
			};
			name = Debug;
		};
		C00000000000000000000002 /* Release */ = {
			isa = XCBuildConfiguration;
			buildSettings = {
				ASSETCATALOG_COMPILER_APPICON_NAME = AppIcon;
				CODE_SIGN_IDENTITY = "-";
				CODE_SIGN_STYLE = Manual;
				CURRENT_PROJECT_VERSION = 9;
				ENABLE_APP_SANDBOX = NO;
				GENERATE_INFOPLIST_FILE = NO;
				INFOPLIST_FILE = codexCycle/Info.plist;
				LD_RUNPATH_SEARCH_PATHS = (
					"$(inherited)",
					"@executable_path/../Frameworks",
				);
				MACOSX_DEPLOYMENT_TARGET = 13.0;
				MARKETING_VERSION = 0.9.0;
				PRODUCT_BUNDLE_IDENTIFIER = com.fxl.codexCycle;
				PRODUCT_NAME = "$(TARGET_NAME)";
				SDKROOT = macosx;
				SUPPORTED_PLATFORMS = macosx;
				SWIFT_COMPILATION_MODE = wholemodule;
				SWIFT_EMIT_LOC_STRINGS = YES;
				SWIFT_OPTIMIZATION_LEVEL = "-O";
				SWIFT_VERSION = 5.0;
			};
			name = Release;
		};
		C00000000000000000000003 /* Debug */ = {
			isa = XCBuildConfiguration;
			buildSettings = {
				BUNDLE_LOADER = "$(TEST_HOST)";
				CODE_SIGN_IDENTITY = "-";
				CODE_SIGN_STYLE = Manual;
				GENERATE_INFOPLIST_FILE = YES;
				MACOSX_DEPLOYMENT_TARGET = 14.0;
				PRODUCT_BUNDLE_IDENTIFIER = com.fxl.codexCycleTests;
				PRODUCT_NAME = "$(TARGET_NAME)";
				SDKROOT = macosx;
				SWIFT_VERSION = 5.0;
				TEST_HOST = "$(BUILT_PRODUCTS_DIR)/codexCycle.app/Contents/MacOS/codexCycle";
			};
			name = Debug;
		};
		C00000000000000000000004 /* Release */ = {
			isa = XCBuildConfiguration;
			buildSettings = {
				BUNDLE_LOADER = "$(TEST_HOST)";
				CODE_SIGN_IDENTITY = "-";
				CODE_SIGN_STYLE = Manual;
				GENERATE_INFOPLIST_FILE = YES;
				MACOSX_DEPLOYMENT_TARGET = 14.0;
				PRODUCT_BUNDLE_IDENTIFIER = com.fxl.codexCycleTests;
				PRODUCT_NAME = "$(TARGET_NAME)";
				SDKROOT = macosx;
				SWIFT_VERSION = 5.0;
				TEST_HOST = "$(BUILT_PRODUCTS_DIR)/codexCycle.app/Contents/MacOS/codexCycle";
			};
			name = Release;
		};
		C00000000000000000000005 /* Debug */ = {
			isa = XCBuildConfiguration;
			buildSettings = {
				ALWAYS_SEARCH_USER_PATHS = NO;
				ARCHS = arm64;
				CLANG_ENABLE_MODULES = YES;
				CLANG_ENABLE_OBJC_ARC = YES;
				COPY_PHASE_STRIP = NO;
				DEBUG_INFORMATION_FORMAT = dwarf;
				ENABLE_TESTABILITY = YES;
				GCC_C_LANGUAGE_STANDARD = gnu17;
				GCC_OPTIMIZATION_LEVEL = 0;
				MACOSX_DEPLOYMENT_TARGET = 13.0;
				ONLY_ACTIVE_ARCH = YES;
				SDKROOT = macosx;
				SWIFT_ACTIVE_COMPILATION_CONDITIONS = DEBUG;
				SWIFT_OPTIMIZATION_LEVEL = "-Onone";
			};
			name = Debug;
		};
		C00000000000000000000006 /* Release */ = {
			isa = XCBuildConfiguration;
			buildSettings = {
				ALWAYS_SEARCH_USER_PATHS = NO;
				ARCHS = arm64;
				CLANG_ENABLE_MODULES = YES;
				CLANG_ENABLE_OBJC_ARC = YES;
				COPY_PHASE_STRIP = YES;
				DEBUG_INFORMATION_FORMAT = "dwarf-with-dsym";
				ENABLE_NS_ASSERTIONS = NO;
				GCC_C_LANGUAGE_STANDARD = gnu17;
				MACOSX_DEPLOYMENT_TARGET = 13.0;
				SDKROOT = macosx;
				SWIFT_COMPILATION_MODE = wholemodule;
			};
			name = Release;
		};
/* End XCBuildConfiguration section */

/* Begin XCConfigurationList section */
		L00000000000000000000001 /* Build configuration list for PBXNativeTarget "codexCycle" */ = {
			isa = XCConfigurationList;
			buildConfigurations = (
				C00000000000000000000001 /* Debug */,
				C00000000000000000000002 /* Release */,
			);
			defaultConfigurationIsVisible = 0;
			defaultConfigurationName = Release;
		};
		L00000000000000000000002 /* Build configuration list for PBXNativeTarget "codexCycleTests" */ = {
			isa = XCConfigurationList;
			buildConfigurations = (
				C00000000000000000000003 /* Debug */,
				C00000000000000000000004 /* Release */,
			);
			defaultConfigurationIsVisible = 0;
			defaultConfigurationName = Release;
		};
		L00000000000000000000003 /* Build configuration list for PBXProject "codexCycle" */ = {
			isa = XCConfigurationList;
			buildConfigurations = (
				C00000000000000000000005 /* Debug */,
				C00000000000000000000006 /* Release */,
			);
			defaultConfigurationIsVisible = 0;
			defaultConfigurationName = Release;
		};
/* End XCConfigurationList section */
	};
	rootObject = P00000000000000000000001 /* Project object */;
}
